
Microsoft Visual Studio Solution File, Format Version 12.00
# Visual Studio Version 17
VisualStudioVersion = 17.2.32526.322
MinimumVisualStudioVersion = 10.0.40219.1
Project("{FAE04EC0-301F-11D3-BF4B-00C04F79EFBC}") = "DemoMVC3.Web", "DemoMVC3.Web\DemoMVC3.Web.csproj", "{67CC0930-4899-4017-B143-66AEA86D5622}"
EndProject
Global
	GlobalSection(SolutionConfigurationPlatforms) = preSolution
		Debug|Any CPU = Debug|Any CPU
		Release|Any CPU = Release|Any CPU
	EndGlobalSection
	GlobalSection(ProjectConfigurationPlatforms) = postSolution
		{67CC0930-4899-4017-B143-66AEA86D5622}.Debug|Any CPU.ActiveCfg = Debug|Any CPU
		{67CC0930-4899-4017-B143-66AEA86D5622}.Debug|Any CPU.Build.0 = Debug|Any CPU
		{67CC0930-4899-4017-B143-66AEA86D5622}.Release|Any CPU.ActiveCfg = Release|Any CPU
		{67CC0930-4899-4017-B143-66AEA86D5622}.Release|Any CPU.Build.0 = Release|Any CPU
	EndGlobalSection
	GlobalSection(SolutionProperties) = preSolution
		HideSolutionNode = FALSE
	EndGlobalSection
	GlobalSection(ExtensibilityGlobals) = postSolution
		SolutionGuid = {A0E7F5F7-B395-47CA-9677-BDAA6FDD0378}
	EndGlobalSection
EndGlobal
